// !$*UTF8*$!
{
	archiveVersion = 1;
	classes = {
	};
	objectVersion = 48;
	objects = {

/* Begin PBXBuildFile section */
		9DE7F8D61F9F2FF300DF1CC5 /* AppDelegate.swift in Sources */ = {isa = PBXBuildFile; fileRef = 9DE7F8D51F9F2FF300DF1CC5 /* AppDelegate.swift */; };
		9DE7F8D81F9F2FF300DF1CC5 /* ViewController.swift in Sources */ = {isa = PBXBuildFile; fileRef = 9DE7F8D71F9F2FF300DF1CC5 /* ViewController.swift */; };
		9DE7F8DB1F9F2FF300DF1CC5 /* Main.storyboard in Resources */ = {isa = PBXBuildFile; fileRef = 9DE7F8D91F9F2FF300DF1CC5 /* Main.storyboard */; };
		9DE7F8DD1F9F2FF300DF1CC5 /* Assets.xcassets in Resources */ = {isa = PBXBuildFile; fileRef = 9DE7F8DC1F9F2FF300DF1CC5 /* Assets.xcassets */; };
		9DE7F8E01F9F2FF300DF1CC5 /* LaunchScreen.storyboard in Resources */ = {isa = PBXBuildFile; fileRef = 9DE7F8DE1F9F2FF300DF1CC5 /* LaunchScreen.storyboard */; };
		9DE7F8F11F9F34B500DF1CC5 /* DateAlert.png in Resources */ = {isa = PBXBuildFile; fileRef = 9DE7F8EE1F9F34B500DF1CC5 /* DateAlert.png */; };
		9DE7F8F21F9F34B500DF1CC5 /* TimeAlert.png in Resources */ = {isa = PBXBuildFile; fileRef = 9DE7F8EF1F9F34B500DF1CC5 /* TimeAlert.png */; };
		9DE7F8F31F9F34B500DF1CC5 /* LocationAlert.png in Resources */ = {isa = PBXBuildFile; fileRef = 9DE7F8F01F9F34B500DF1CC5 /* LocationAlert.png */; };
/* End PBXBuildFile section */

/* Begin PBXFileReference section */
		9DE7F8D21F9F2FF300DF1CC5 /* Remind(Notifications).app */ = {isa = PBXFileReference; explicitFileType = wrapper.application; includeInIndex = 0; path = "Remind(Notifications).app"; sourceTree = BUILT_PRODUCTS_DIR; };
		9DE7F8D51F9F2FF300DF1CC5 /* AppDelegate.swift */ = {isa = PBXFileReference; lastKnownFileType = sourcecode.swift; path = AppDelegate.swift; sourceTree = "<group>"; };
		9DE7F8D71F9F2FF300DF1CC5 /* ViewController.swift */ = {isa = PBXFileReference; lastKnownFileType = sourcecode.swift; path = ViewController.swift; sourceTree = "<group>"; };
		9DE7F8DA1F9F2FF300DF1CC5 /* Base */ = {isa = PBXFileReference; lastKnownFileType = file.storyboard; name = Base; path = Base.lproj/Main.storyboard; sourceTree = "<group>"; };
		9DE7F8DC1F9F2FF300DF1CC5 /* Assets.xcassets */ = {isa = PBXFileReference; lastKnownFileType = folder.assetcatalog; path = Assets.xcassets; sourceTree = "<group>"; };
		9DE7F8DF1F9F2FF300DF1CC5 /* Base */ = {isa = PBXFileReference; lastKnownFileType = file.storyboard; name = Base; path = Base.lproj/LaunchScreen.storyboard; sourceTree = "<group>"; };
		9DE7F8E11F9F2FF300DF1CC5 /* Info.plist */ = {isa = PBXFileReference; lastKnownFileType = text.plist.xml; path = Info.plist; sourceTree = "<group>"; };
		9DE7F8EE1F9F34B500DF1CC5 /* DateAlert.png */ = {isa = PBXFileReference; lastKnownFileType = image.png; path = DateAlert.png; sourceTree = "<group>"; };
		9DE7F8EF1F9F34B500DF1CC5 /* TimeAlert.png */ = {isa = PBXFileReference; lastKnownFileType = image.png; path = TimeAlert.png; sourceTree = "<group>"; };
		9DE7F8F01F9F34B500DF1CC5 /* LocationAlert.png */ = {isa = PBXFileReference; lastKnownFileType = image.png; path = LocationAlert.png; sourceTree = "<group>"; };
/* End PBXFileReference section */

/* Begin PBXFrameworksBuildPhase section */
		9DE7F8CF1F9F2FF300DF1CC5 /* Frameworks */ = {
			isa = PBXFrameworksBuildPhase;
			buildActionMask = 2147483647;
			files = (
			);
			runOnlyForDeploymentPostprocessing = 0;
		};
/* End PBXFrameworksBuildPhase section */

/* Begin PBXGroup section */
		9DE7F8C91F9F2FF300DF1CC5 = {
			isa = PBXGroup;
			children = (
				9DE7F8D41F9F2FF300DF1CC5 /* Remind(Notifications) */,
				9DE7F8D31F9F2FF300DF1CC5 /* Products */,
			);
			sourceTree = "<group>";
		};
		9DE7F8D31F9F2FF300DF1CC5 /* Products */ = {
			isa = PBXGroup;
			children = (
				9DE7F8D21F9F2FF300DF1CC5 /* Remind(Notifications).app */,
			);
			name = Products;
			sourceTree = "<group>";
		};
		9DE7F8D41F9F2FF300DF1CC5 /* Remind(Notifications) */ = {
			isa = PBXGroup;
			children = (
				9DE7F8E11F9F2FF300DF1CC5 /* Info.plist */,
				9DE7F8EA1F9F30C500DF1CC5 /* Model */,
				9DE7F8E91F9F30BF00DF1CC5 /* View */,
				9DE7F8E81F9F30B400DF1CC5 /* Controller */,
				9DE7F8E71F9F30AC00DF1CC5 /* Service */,
			);
			path = "Remind(Notifications)";
			sourceTree = "<group>";
		};
		9DE7F8E71F9F30AC00DF1CC5 /* Service */ = {
			isa = PBXGroup;
			children = (
			);
			path = Service;
			sourceTree = "<group>";
		};
		9DE7F8E81F9F30B400DF1CC5 /* Controller */ = {
			isa = PBXGroup;
			children = (
				9DE7F8D51F9F2FF300DF1CC5 /* AppDelegate.swift */,
				9DE7F8D71F9F2FF300DF1CC5 /* ViewController.swift */,
			);
			path = Controller;
			sourceTree = "<group>";
		};
		9DE7F8E91F9F30BF00DF1CC5 /* View */ = {
			isa = PBXGroup;
			children = (
				9DE7F8ED1F9F347900DF1CC5 /* NotificationAssets */,
				9DE7F8DC1F9F2FF300DF1CC5 /* Assets.xcassets */,
				9DE7F8D91F9F2FF300DF1CC5 /* Main.storyboard */,
				9DE7F8DE1F9F2FF300DF1CC5 /* LaunchScreen.storyboard */,
			);
			path = View;
			sourceTree = "<group>";
		};
		9DE7F8EA1F9F30C500DF1CC5 /* Model */ = {
			isa = PBXGroup;
			children = (
			);
			path = Model;
			sourceTree = "<group>";
		};
		9DE7F8ED1F9F347900DF1CC5 /* NotificationAssets */ = {
			isa = PBXGroup;
			children = (
				9DE7F8EE1F9F34B500DF1CC5 /* DateAlert.png */,
				9DE7F8F01F9F34B500DF1CC5 /* LocationAlert.png */,
				9DE7F8EF1F9F34B500DF1CC5 /* TimeAlert.png */,
			);
			path = NotificationAssets;
			sourceTree = "<group>";
		};
/* End PBXGroup section */

/* Begin PBXNativeTarget section */
		9DE7F8D11F9F2FF300DF1CC5 /* Remind(Notifications) */ = {
			isa = PBXNativeTarget;
			buildConfigurationList = 9DE7F8E41F9F2FF300DF1CC5 /* Build configuration list for PBXNativeTarget "Remind(Notifications)" */;
			buildPhases = (
				9DE7F8CE1F9F2FF300DF1CC5 /* Sources */,
				9DE7F8CF1F9F2FF300DF1CC5 /* Frameworks */,
				9DE7F8D01F9F2FF300DF1CC5 /* Resources */,
			);
			buildRules = (
			);
			dependencies = (
			);
			name = "Remind(Notifications)";
			productName = "Remind(Notifications)";
			productReference = 9DE7F8D21F9F2FF300DF1CC5 /* Remind(Notifications).app */;
			productType = "com.apple.product-type.application";
		};
/* End PBXNativeTarget section */

/* Begin PBXProject section */
		9DE7F8CA1F9F2FF300DF1CC5 /* Project object */ = {
			isa = PBXProject;
			attributes = {
				LastSwiftUpdateCheck = 0900;
				LastUpgradeCheck = 0900;
				ORGANIZATIONNAME = 123;
				TargetAttributes = {
					9DE7F8D11F9F2FF300DF1CC5 = {
						CreatedOnToolsVersion = 9.0.1;
						ProvisioningStyle = Automatic;
					};
				};
			};
			buildConfigurationList = 9DE7F8CD1F9F2FF300DF1CC5 /* Build configuration list for PBXProject "Remind(Notifications)" */;
			compatibilityVersion = "Xcode 8.0";
			developmentRegion = en;
			hasScannedForEncodings = 0;
			knownRegions = (
				en,
				Base,
			);
			mainGroup = 9DE7F8C91F9F2FF300DF1CC5;
			productRefGroup = 9DE7F8D31F9F2FF300DF1CC5 /* Products */;
			projectDirPath = "";
			projectRoot = "";
			targets = (
				9DE7F8D11F9F2FF300DF1CC5 /* Remind(Notifications) */,
			);
		};
/* End PBXProject section */

/* Begin PBXResourcesBuildPhase section */
		9DE7F8D01F9F2FF300DF1CC5 /* Resources */ = {
			isa = PBXResourcesBuildPhase;
			buildActionMask = 2147483647;
			files = (
				9DE7F8E01F9F2FF300DF1CC5 /* LaunchScreen.storyboard in Resources */,
				9DE7F8DD1F9F2FF300DF1CC5 /* Assets.xcassets in Resources */,
				9DE7F8F21F9F34B500DF1CC5 /* TimeAlert.png in Resources */,
				9DE7F8F31F9F34B500DF1CC5 /* LocationAlert.png in Resources */,
				9DE7F8F11F9F34B500DF1CC5 /* DateAlert.png in Resources */,
				9DE7F8DB1F9F2FF300DF1CC5 /* Main.storyboard in Resources */,
			);
			runOnlyForDeploymentPostprocessing = 0;
		};
/* End PBXResourcesBuildPhase section */

/* Begin PBXSourcesBuildPhase section */
		9DE7F8CE1F9F2FF300DF1CC5 /* Sources */ = {
			isa = PBXSourcesBuildPhase;
			buildActionMask = 2147483647;
			files = (
				9DE7F8D81F9F2FF300DF1CC5 /* ViewController.swift in Sources */,
				9DE7F8D61F9F2FF300DF1CC5 /* AppDelegate.swift in Sources */,
			);
			runOnlyForDeploymentPostprocessing = 0;
		};
/* End PBXSourcesBuildPhase section */

/* Begin PBXVariantGroup section */
		9DE7F8D91F9F2FF300DF1CC5 /* Main.storyboard */ = {
			isa = PBXVariantGroup;
			children = (
				9DE7F8DA1F9F2FF300DF1CC5 /* Base */,
			);
			name = Main.storyboard;
			sourceTree = "<group>";
		};
		9DE7F8DE1F9F2FF300DF1CC5 /* LaunchScreen.storyboard */ = {
			isa = PBXVariantGroup;
			children = (
				9DE7F8DF1F9F2FF300DF1CC5 /* Base */,
			);
			name = LaunchScreen.storyboard;
			sourceTree = "<group>";
		};
/* End PBXVariantGroup section */

/* Begin XCBuildConfiguration section */
		9DE7F8E21F9F2FF300DF1CC5 /* Debug */ = {
			isa = XCBuildConfiguration;
			buildSettings = {
				ALWAYS_SEARCH_USER_PATHS = NO;
				CLANG_ANALYZER_NONNULL = YES;
				CLANG_ANALYZER_NUMBER_OBJECT_CONVERSION = YES_AGGRESSIVE;
				CLANG_CXX_LANGUAGE_STANDARD = "gnu++14";
				CLANG_CXX_LIBRARY = "libc++";
				CLANG_ENABLE_MODULES = YES;
				CLANG_ENABLE_OBJC_ARC = YES;
				CLANG_WARN_BLOCK_CAPTURE_AUTORELEASING = YES;
				CLANG_WARN_BOOL_CONVERSION = YES;
				CLANG_WARN_COMMA = YES;
				CLANG_WARN_CONSTANT_CONVERSION = YES;
				CLANG_WARN_DIRECT_OBJC_ISA_USAGE = YES_ERROR;
				CLANG_WARN_DOCUMENTATION_COMMENTS = YES;
				CLANG_WARN_EMPTY_BODY = YES;
				CLANG_WARN_ENUM_CONVERSION = YES;
				CLANG_WARN_INFINITE_RECURSION = YES;
				CLANG_WARN_INT_CONVERSION = YES;
				CLANG_WARN_NON_LITERAL_NULL_CONVERSION = YES;
				CLANG_WARN_OBJC_LITERAL_CONVERSION = YES;
				CLANG_WARN_OBJC_ROOT_CLASS = YES_ERROR;
				CLANG_WARN_RANGE_LOOP_ANALYSIS = YES;
				CLANG_WARN_STRICT_PROTOTYPES = YES;
				CLANG_WARN_SUSPICIOUS_MOVE = YES;
				CLANG_WARN_UNGUARDED_AVAILABILITY = YES_AGGRESSIVE;
				CLANG_WARN_UNREACHABLE_CODE = YES;
				CLANG_WARN__DUPLICATE_METHOD_MATCH = YES;
				CODE_SIGN_IDENTITY = "iPhone Developer";
				COPY_PHASE_STRIP = NO;
				DEBUG_INFORMATION_FORMAT = dwarf;
				ENABLE_STRICT_OBJC_MSGSEND = YES;
				ENABLE_TESTABILITY = YES;
				GCC_C_LANGUAGE_STANDARD = gnu11;
				GCC_DYNAMIC_NO_PIC = NO;
				GCC_NO_COMMON_BLOCKS = YES;
				GCC_OPTIMIZATION_LEVEL = 0;
				GCC_PREPROCESSOR_DEFINITIONS = (
					"DEBUG=1",
					"$(inherited)",
				);
				GCC_WARN_64_TO_32_BIT_CONVERSION = YES;
				GCC_WARN_ABOUT_RETURN_TYPE = YES_ERROR;
				GCC_WARN_UNDECLARED_SELECTOR = YES;
				GCC_WARN_UNINITIALIZED_AUTOS = YES_AGGRESSIVE;
				GCC_WARN_UNUSED_FUNCTION = YES;
				GCC_WARN_UNUSED_VARIABLE = YES;
				IPHONEOS_DEPLOYMENT_TARGET = 11.0;
				MTL_ENABLE_DEBUG_INFO = YES;
				ONLY_ACTIVE_ARCH = YES;
				SDKROOT = iphoneos;
				SWIFT_ACTIVE_COMPILATION_CONDITIONS = DEBUG;
				SWIFT_OPTIMIZATION_LEVEL = "-Onone";
			};
			name = Debug;
		};
		9DE7F8E31F9F2FF300DF1CC5 /* Release */ = {
			isa = XCBuildConfiguration;
			buildSettings = {
				ALWAYS_SEARCH_USER_PATHS = NO;
				CLANG_ANALYZER_NONNULL = YES;
				CLANG_ANALYZER_NUMBER_OBJECT_CONVERSION = YES_AGGRESSIVE;
				CLANG_CXX_LANGUAGE_STANDARD = "gnu++14";
				CLANG_CXX_LIBRARY = "libc++";
				CLANG_ENABLE_MODULES = YES;
				CLANG_ENABLE_OBJC_ARC = YES;
				CLANG_WARN_BLOCK_CAPTURE_AUTORELEASING = YES;
				CLANG_WARN_BOOL_CONVERSION = YES;
				CLANG_WARN_COMMA = YES;
				CLANG_WARN_CONSTANT_CONVERSION = YES;
				CLANG_WARN_DIRECT_OBJC_ISA_USAGE = YES_ERROR;
				CLANG_WARN_DOCUMENTATION_COMMENTS = YES;
				CLANG_WARN_EMPTY_BODY = YES;
				CLANG_WARN_ENUM_CONVERSION = YES;
				CLANG_WARN_INFINITE_RECURSION = YES;
				CLANG_WARN_INT_CONVERSION = YES;
				CLANG_WARN_NON_LITERAL_NULL_CONVERSION = YES;
				CLANG_WARN_OBJC_LITERAL_CONVERSION = YES;
				CLANG_WARN_OBJC_ROOT_CLASS = YES_ERROR;
				CLANG_WARN_RANGE_LOOP_ANALYSIS = YES;
				CLANG_WARN_STRICT_PROTOTYPES = YES;
				CLANG_WARN_SUSPICIOUS_MOVE = YES;
				CLANG_WARN_UNGUARDED_AVAILABILITY = YES_AGGRESSIVE;
				CLANG_WARN_UNREACHABLE_CODE = YES;
				CLANG_WARN__DUPLICATE_METHOD_MATCH = YES;
				CODE_SIGN_IDENTITY = "iPhone Developer";
				COPY_PHASE_STRIP = NO;
				DEBUG_INFORMATION_FORMAT = "dwarf-with-dsym";
				ENABLE_NS_ASSERTIONS = NO;
				ENABLE_STRICT_OBJC_MSGSEND = YES;
				GCC_C_LANGUAGE_STANDARD = gnu11;
				GCC_NO_COMMON_BLOCKS = YES;
				GCC_WARN_64_TO_32_BIT_CONVERSION = YES;
				GCC_WARN_ABOUT_RETURN_TYPE = YES_ERROR;
				GCC_WARN_UNDECLARED_SELECTOR = YES;
				GCC_WARN_UNINITIALIZED_AUTOS = YES_AGGRESSIVE;
				GCC_WARN_UNUSED_FUNCTION = YES;
				GCC_WARN_UNUSED_VARIABLE = YES;
				IPHONEOS_DEPLOYMENT_TARGET = 11.0;
				MTL_ENABLE_DEBUG_INFO = NO;
				SDKROOT = iphoneos;
				SWIFT_OPTIMIZATION_LEVEL = "-Owholemodule";
				VALIDATE_PRODUCT = YES;
			};
			name = Release;
		};
		9DE7F8E51F9F2FF300DF1CC5 /* Debug */ = {
			isa = XCBuildConfiguration;
			buildSettings = {
				ASSETCATALOG_COMPILER_APPICON_NAME = AppIcon;
				CODE_SIGN_STYLE = Automatic;
				DEVELOPMENT_TEAM = L5H8Z4UVXQ;
				INFOPLIST_FILE = "Remind(Notifications)/Info.plist";
				LD_RUNPATH_SEARCH_PATHS = "$(inherited) @executable_path/Frameworks";
				PRODUCT_BUNDLE_IDENTIFIER = "study.Remind-Notifications-";
				PRODUCT_NAME = "$(TARGET_NAME)";
				SWIFT_VERSION = 4.0;
				TARGETED_DEVICE_FAMILY = "1,2";
			};
			name = Debug;
		};
		9DE7F8E61F9F2FF300DF1CC5 /* Release */ = {
			isa = XCBuildConfiguration;
			buildSettings = {
				ASSETCATALOG_COMPILER_APPICON_NAME = AppIcon;
				CODE_SIGN_STYLE = Automatic;
				DEVELOPMENT_TEAM = L5H8Z4UVXQ;
				INFOPLIST_FILE = "Remind(Notifications)/Info.plist";
				LD_RUNPATH_SEARCH_PATHS = "$(inherited) @executable_path/Frameworks";
				PRODUCT_BUNDLE_IDENTIFIER = "study.Remind-Notifications-";
				PRODUCT_NAME = "$(TARGET_NAME)";
				SWIFT_VERSION = 4.0;
				TARGETED_DEVICE_FAMILY = "1,2";
			};
			name = Release;
		};
/* End XCBuildConfiguration section */

/* Begin XCConfigurationList section */
		9DE7F8CD1F9F2FF300DF1CC5 /* Build configuration list for PBXProject "Remind(Notifications)" */ = {
			isa = XCConfigurationList;
			buildConfigurations = (
				9DE7F8E21F9F2FF300DF1CC5 /* Debug */,
				9DE7F8E31F9F2FF300DF1CC5 /* Release */,
			);
			defaultConfigurationIsVisible = 0;
			defaultConfigurationName = Release;
		};
		9DE7F8E41F9F2FF300DF1CC5 /* Build configuration list for PBXNativeTarget "Remind(Notifications)" */ = {
			isa = XCConfigurationList;
			buildConfigurations = (
				9DE7F8E51F9F2FF300DF1CC5 /* Debug */,
				9DE7F8E61F9F2FF300DF1CC5 /* Release */,
			);
			defaultConfigurationIsVisible = 0;
			defaultConfigurationName = Release;
		};
/* End XCConfigurationList section */
	};
	rootObject = 9DE7F8CA1F9F2FF300DF1CC5 /* Project object */;
}
